// !$*UTF8*$!
{
	archiveVersion = 1;
	classes = {
	};
	objectVersion = 46;
	objects = {

/* Begin PBXBuildFile section */
		7D7E02291E584278009FDD9D /* PlayingCardDeck.m in Sources */ = {isa = PBXBuildFile; fileRef = 7D7E02281E584278009FDD9D /* PlayingCardDeck.m */; };
		7DC817A61E53DE09007B3ED5 /* main.m in Sources */ = {isa = PBXBuildFile; fileRef = 7DC817A51E53DE09007B3ED5 /* main.m */; };
		7DC817A91E53DE09007B3ED5 /* AppDelegate.m in Sources */ = {isa = PBXBuildFile; fileRef = 7DC817A81E53DE09007B3ED5 /* AppDelegate.m */; };
		7DC817AC1E53DE09007B3ED5 /* CardGameViewController.m in Sources */ = {isa = PBXBuildFile; fileRef = 7DC817AB1E53DE09007B3ED5 /* CardGameViewController.m */; };
		7DC817AF1E53DE09007B3ED5 /* Main.storyboard in Resources */ = {isa = PBXBuildFile; fileRef = 7DC817AD1E53DE09007B3ED5 /* Main.storyboard */; };
		7DC817B11E53DE09007B3ED5 /* Assets.xcassets in Resources */ = {isa = PBXBuildFile; fileRef = 7DC817B01E53DE09007B3ED5 /* Assets.xcassets */; };
		7DC817B41E53DE09007B3ED5 /* LaunchScreen.storyboard in Resources */ = {isa = PBXBuildFile; fileRef = 7DC817B21E53DE09007B3ED5 /* LaunchScreen.storyboard */; };
		7DC817C31E558421007B3ED5 /* Card.m in Sources */ = {isa = PBXBuildFile; fileRef = 7DC817C21E558421007B3ED5 /* Card.m */; };
		7DC817C61E567A7C007B3ED5 /* Deck.m in Sources */ = {isa = PBXBuildFile; fileRef = 7DC817C51E567A7B007B3ED5 /* Deck.m */; };
		7DC817C91E567F6F007B3ED5 /* PlayingCard.m in Sources */ = {isa = PBXBuildFile; fileRef = 7DC817C81E567F6F007B3ED5 /* PlayingCard.m */; };
		7DD9DDAB1E5977F400A3A5BA /* CardMatchingGame.m in Sources */ = {isa = PBXBuildFile; fileRef = 7DD9DDAA1E5977F400A3A5BA /* CardMatchingGame.m */; };
		7DF458F21E5A9994009B329E /* StartingViewController.m in Sources */ = {isa = PBXBuildFile; fileRef = 7DF458F11E5A9994009B329E /* StartingViewController.m */; };
/* End PBXBuildFile section */

/* Begin PBXFileReference section */
		7D7E02271E584278009FDD9D /* PlayingCardDeck.h */ = {isa = PBXFileReference; fileEncoding = 4; lastKnownFileType = sourcecode.c.h; path = PlayingCardDeck.h; sourceTree = "<group>"; };
		7D7E02281E584278009FDD9D /* PlayingCardDeck.m */ = {isa = PBXFileReference; fileEncoding = 4; lastKnownFileType = sourcecode.c.objc; path = PlayingCardDeck.m; sourceTree = "<group>"; };
		7DC817A11E53DE09007B3ED5 /* Matchismo.app */ = {isa = PBXFileReference; explicitFileType = wrapper.application; includeInIndex = 0; path = Matchismo.app; sourceTree = BUILT_PRODUCTS_DIR; };
		7DC817A51E53DE09007B3ED5 /* main.m */ = {isa = PBXFileReference; lastKnownFileType = sourcecode.c.objc; path = main.m; sourceTree = "<group>"; };
		7DC817A71E53DE09007B3ED5 /* AppDelegate.h */ = {isa = PBXFileReference; lastKnownFileType = sourcecode.c.h; path = AppDelegate.h; sourceTree = "<group>"; };
		7DC817A81E53DE09007B3ED5 /* AppDelegate.m */ = {isa = PBXFileReference; lastKnownFileType = sourcecode.c.objc; path = AppDelegate.m; sourceTree = "<group>"; };
		7DC817AA1E53DE09007B3ED5 /* CardGameViewController.h */ = {isa = PBXFileReference; lastKnownFileType = sourcecode.c.h; path = CardGameViewController.h; sourceTree = "<group>"; };
		7DC817AB1E53DE09007B3ED5 /* CardGameViewController.m */ = {isa = PBXFileReference; lastKnownFileType = sourcecode.c.objc; path = CardGameViewController.m; sourceTree = "<group>"; };
		7DC817AE1E53DE09007B3ED5 /* Base */ = {isa = PBXFileReference; lastKnownFileType = file.storyboard; name = Base; path = Base.lproj/Main.storyboard; sourceTree = "<group>"; };
		7DC817B01E53DE09007B3ED5 /* Assets.xcassets */ = {isa = PBXFileReference; lastKnownFileType = folder.assetcatalog; path = Assets.xcassets; sourceTree = "<group>"; };
		7DC817B31E53DE09007B3ED5 /* Base */ = {isa = PBXFileReference; lastKnownFileType = file.storyboard; name = Base; path = Base.lproj/LaunchScreen.storyboard; sourceTree = "<group>"; };
		7DC817B51E53DE09007B3ED5 /* Info.plist */ = {isa = PBXFileReference; lastKnownFileType = text.plist.xml; path = Info.plist; sourceTree = "<group>"; };
		7DC817C11E558421007B3ED5 /* Card.h */ = {isa = PBXFileReference; fileEncoding = 4; lastKnownFileType = sourcecode.c.h; path = Card.h; sourceTree = "<group>"; };
		7DC817C21E558421007B3ED5 /* Card.m */ = {isa = PBXFileReference; fileEncoding = 4; lastKnownFileType = sourcecode.c.objc; path = Card.m; sourceTree = "<group>"; };
		7DC817C41E567A7B007B3ED5 /* Deck.h */ = {isa = PBXFileReference; fileEncoding = 4; lastKnownFileType = sourcecode.c.h; path = Deck.h; sourceTree = "<group>"; };
		7DC817C51E567A7B007B3ED5 /* Deck.m */ = {isa = PBXFileReference; fileEncoding = 4; lastKnownFileType = sourcecode.c.objc; path = Deck.m; sourceTree = "<group>"; };
		7DC817C71E567F6F007B3ED5 /* PlayingCard.h */ = {isa = PBXFileReference; fileEncoding = 4; lastKnownFileType = sourcecode.c.h; path = PlayingCard.h; sourceTree = "<group>"; };
		7DC817C81E567F6F007B3ED5 /* PlayingCard.m */ = {isa = PBXFileReference; fileEncoding = 4; lastKnownFileType = sourcecode.c.objc; path = PlayingCard.m; sourceTree = "<group>"; };
		7DD9DDA91E5977F400A3A5BA /* CardMatchingGame.h */ = {isa = PBXFileReference; fileEncoding = 4; lastKnownFileType = sourcecode.c.h; path = CardMatchingGame.h; sourceTree = "<group>"; };
		7DD9DDAA1E5977F400A3A5BA /* CardMatchingGame.m */ = {isa = PBXFileReference; fileEncoding = 4; lastKnownFileType = sourcecode.c.objc; path = CardMatchingGame.m; sourceTree = "<group>"; };
		7DF458F01E5A9994009B329E /* StartingViewController.h */ = {isa = PBXFileReference; fileEncoding = 4; lastKnownFileType = sourcecode.c.h; path = StartingViewController.h; sourceTree = "<group>"; };
		7DF458F11E5A9994009B329E /* StartingViewController.m */ = {isa = PBXFileReference; fileEncoding = 4; lastKnownFileType = sourcecode.c.objc; path = StartingViewController.m; sourceTree = "<group>"; };
/* End PBXFileReference section */

/* Begin PBXFrameworksBuildPhase section */
		7DC8179E1E53DE09007B3ED5 /* Frameworks */ = {
			isa = PBXFrameworksBuildPhase;
			buildActionMask = 2147483647;
			files = (
			);
			runOnlyForDeploymentPostprocessing = 0;
		};
/* End PBXFrameworksBuildPhase section */

/* Begin PBXGroup section */
		7DC817981E53DE09007B3ED5 = {
			isa = PBXGroup;
			children = (
				7DC817A31E53DE09007B3ED5 /* Matchismo */,
				7DC817A21E53DE09007B3ED5 /* Products */,
			);
			sourceTree = "<group>";
		};
		7DC817A21E53DE09007B3ED5 /* Products */ = {
			isa = PBXGroup;
			children = (
				7DC817A11E53DE09007B3ED5 /* Matchismo.app */,
			);
			name = Products;
			sourceTree = "<group>";
		};
		7DC817A31E53DE09007B3ED5 /* Matchismo */ = {
			isa = PBXGroup;
			children = (
				7DC817A71E53DE09007B3ED5 /* AppDelegate.h */,
				7DC817A81E53DE09007B3ED5 /* AppDelegate.m */,
				7DF458F01E5A9994009B329E /* StartingViewController.h */,
				7DF458F11E5A9994009B329E /* StartingViewController.m */,
				7DC817AA1E53DE09007B3ED5 /* CardGameViewController.h */,
				7DC817AB1E53DE09007B3ED5 /* CardGameViewController.m */,
				7DC817C01E558410007B3ED5 /* Model */,
				7DC817AD1E53DE09007B3ED5 /* Main.storyboard */,
				7DC817B01E53DE09007B3ED5 /* Assets.xcassets */,
				7DC817B21E53DE09007B3ED5 /* LaunchScreen.storyboard */,
				7DC817B51E53DE09007B3ED5 /* Info.plist */,
				7DC817A41E53DE09007B3ED5 /* Supporting Files */,
			);
			path = Matchismo;
			sourceTree = "<group>";
		};
		7DC817A41E53DE09007B3ED5 /* Supporting Files */ = {
			isa = PBXGroup;
			children = (
				7DC817A51E53DE09007B3ED5 /* main.m */,
			);
			name = "Supporting Files";
			sourceTree = "<group>";
		};
		7DC817C01E558410007B3ED5 /* Model */ = {
			isa = PBXGroup;
			children = (
				7DC817C11E558421007B3ED5 /* Card.h */,
				7DC817C21E558421007B3ED5 /* Card.m */,
				7DC817C41E567A7B007B3ED5 /* Deck.h */,
				7DC817C51E567A7B007B3ED5 /* Deck.m */,
				7DC817C71E567F6F007B3ED5 /* PlayingCard.h */,
				7DC817C81E567F6F007B3ED5 /* PlayingCard.m */,
				7D7E02271E584278009FDD9D /* PlayingCardDeck.h */,
				7D7E02281E584278009FDD9D /* PlayingCardDeck.m */,
				7DD9DDA91E5977F400A3A5BA /* CardMatchingGame.h */,
				7DD9DDAA1E5977F400A3A5BA /* CardMatchingGame.m */,
			);
			name = Model;
			sourceTree = "<group>";
		};
/* End PBXGroup section */

/* Begin PBXNativeTarget section */
		7DC817A01E53DE09007B3ED5 /* Matchismo */ = {
			isa = PBXNativeTarget;
			buildConfigurationList = 7DC817B81E53DE09007B3ED5 /* Build configuration list for PBXNativeTarget "Matchismo" */;
			buildPhases = (
				7DC8179D1E53DE09007B3ED5 /* Sources */,
				7DC8179E1E53DE09007B3ED5 /* Frameworks */,
				7DC8179F1E53DE09007B3ED5 /* Resources */,
			);
			buildRules = (
			);
			dependencies = (
			);
			name = Matchismo;
			productName = Matchismo;
			productReference = 7DC817A11E53DE09007B3ED5 /* Matchismo.app */;
			productType = "com.apple.product-type.application";
		};
/* End PBXNativeTarget section */

/* Begin PBXProject section */
		7DC817991E53DE09007B3ED5 /* Project object */ = {
			isa = PBXProject;
			attributes = {
				LastUpgradeCheck = 0820;
				ORGANIZATIONNAME = "Fan Jin";
				TargetAttributes = {
					7DC817A01E53DE09007B3ED5 = {
						CreatedOnToolsVersion = 8.2.1;
						DevelopmentTeam = Y6L897V3P3;
						ProvisioningStyle = Automatic;
					};
				};
			};
			buildConfigurationList = 7DC8179C1E53DE09007B3ED5 /* Build configuration list for PBXProject "Matchismo" */;
			compatibilityVersion = "Xcode 3.2";
			developmentRegion = English;
			hasScannedForEncodings = 0;
			knownRegions = (
				en,
				Base,
			);
			mainGroup = 7DC817981E53DE09007B3ED5;
			productRefGroup = 7DC817A21E53DE09007B3ED5 /* Products */;
			projectDirPath = "";
			projectRoot = "";
			targets = (
				7DC817A01E53DE09007B3ED5 /* Matchismo */,
			);
		};
/* End PBXProject section */

/* Begin PBXResourcesBuildPhase section */
		7DC8179F1E53DE09007B3ED5 /* Resources */ = {
			isa = PBXResourcesBuildPhase;
			buildActionMask = 2147483647;
			files = (
				7DC817B41E53DE09007B3ED5 /* LaunchScreen.storyboard in Resources */,
				7DC817B11E53DE09007B3ED5 /* Assets.xcassets in Resources */,
				7DC817AF1E53DE09007B3ED5 /* Main.storyboard in Resources */,
			);
			runOnlyForDeploymentPostprocessing = 0;
		};
/* End PBXResourcesBuildPhase section */

/* Begin PBXSourcesBuildPhase section */
		7DC8179D1E53DE09007B3ED5 /* Sources */ = {
			isa = PBXSourcesBuildPhase;
			buildActionMask = 2147483647;
			files = (
				7DC817C61E567A7C007B3ED5 /* Deck.m in Sources */,
				7DC817C91E567F6F007B3ED5 /* PlayingCard.m in Sources */,
				7DC817AC1E53DE09007B3ED5 /* CardGameViewController.m in Sources */,
				7DC817A91E53DE09007B3ED5 /* AppDelegate.m in Sources */,
				7DF458F21E5A9994009B329E /* StartingViewController.m in Sources */,
				7DD9DDAB1E5977F400A3A5BA /* CardMatchingGame.m in Sources */,
				7D7E02291E584278009FDD9D /* PlayingCardDeck.m in Sources */,
				7DC817A61E53DE09007B3ED5 /* main.m in Sources */,
				7DC817C31E558421007B3ED5 /* Card.m in Sources */,
			);
			runOnlyForDeploymentPostprocessing = 0;
		};
/* End PBXSourcesBuildPhase section */

/* Begin PBXVariantGroup section */
		7DC817AD1E53DE09007B3ED5 /* Main.storyboard */ = {
			isa = PBXVariantGroup;
			children = (
				7DC817AE1E53DE09007B3ED5 /* Base */,
			);
			name = Main.storyboard;
			sourceTree = "<group>";
		};
		7DC817B21E53DE09007B3ED5 /* LaunchScreen.storyboard */ = {
			isa = PBXVariantGroup;
			children = (
				7DC817B31E53DE09007B3ED5 /* Base */,
			);
			name = LaunchScreen.storyboard;
			sourceTree = "<group>";
		};
/* End PBXVariantGroup section */

/* Begin XCBuildConfiguration section */
		7DC817B61E53DE09007B3ED5 /* Debug */ = {
			isa = XCBuildConfiguration;
			buildSettings = {
				ALWAYS_SEARCH_USER_PATHS = NO;
				CLANG_ANALYZER_NONNULL = YES;
				CLANG_CXX_LANGUAGE_STANDARD = "gnu++0x";
				CLANG_CXX_LIBRARY = "libc++";
				CLANG_ENABLE_MODULES = YES;
				CLANG_ENABLE_OBJC_ARC = YES;
				CLANG_WARN_BOOL_CONVERSION = YES;
				CLANG_WARN_CONSTANT_CONVERSION = YES;
				CLANG_WARN_DIRECT_OBJC_ISA_USAGE = YES_ERROR;
				CLANG_WARN_DOCUMENTATION_COMMENTS = YES;
				CLANG_WARN_EMPTY_BODY = YES;
				CLANG_WARN_ENUM_CONVERSION = YES;
				CLANG_WARN_INFINITE_RECURSION = YES;
				CLANG_WARN_INT_CONVERSION = YES;
				CLANG_WARN_OBJC_ROOT_CLASS = YES_ERROR;
				CLANG_WARN_SUSPICIOUS_MOVE = YES;
				CLANG_WARN_UNREACHABLE_CODE = YES;
				CLANG_WARN__DUPLICATE_METHOD_MATCH = YES;
				"CODE_SIGN_IDENTITY[sdk=iphoneos*]" = "iPhone Developer";
				COPY_PHASE_STRIP = NO;
				DEBUG_INFORMATION_FORMAT = dwarf;
				ENABLE_STRICT_OBJC_MSGSEND = YES;
				ENABLE_TESTABILITY = YES;
				GCC_C_LANGUAGE_STANDARD = gnu99;
				GCC_DYNAMIC_NO_PIC = NO;
				GCC_NO_COMMON_BLOCKS = YES;
				GCC_OPTIMIZATION_LEVEL = 0;
				GCC_PREPROCESSOR_DEFINITIONS = (
					"DEBUG=1",
					"$(inherited)",
				);
				GCC_WARN_64_TO_32_BIT_CONVERSION = YES;
				GCC_WARN_ABOUT_RETURN_TYPE = YES_ERROR;
				GCC_WARN_UNDECLARED_SELECTOR = YES;
				GCC_WARN_UNINITIALIZED_AUTOS = YES_AGGRESSIVE;
				GCC_WARN_UNUSED_FUNCTION = YES;
				GCC_WARN_UNUSED_VARIABLE = YES;
				IPHONEOS_DEPLOYMENT_TARGET = 10.2;
				MTL_ENABLE_DEBUG_INFO = YES;
				ONLY_ACTIVE_ARCH = YES;
				SDKROOT = iphoneos;
			};
			name = Debug;
		};
		7DC817B71E53DE09007B3ED5 /* Release */ = {
			isa = XCBuildConfiguration;
			buildSettings = {
				ALWAYS_SEARCH_USER_PATHS = NO;
				CLANG_ANALYZER_NONNULL = YES;
				CLANG_CXX_LANGUAGE_STANDARD = "gnu++0x";
				CLANG_CXX_LIBRARY = "libc++";
				CLANG_ENABLE_MODULES = YES;
				CLANG_ENABLE_OBJC_ARC = YES;
				CLANG_WARN_BOOL_CONVERSION = YES;
				CLANG_WARN_CONSTANT_CONVERSION = YES;
				CLANG_WARN_DIRECT_OBJC_ISA_USAGE = YES_ERROR;
				CLANG_WARN_DOCUMENTATION_COMMENTS = YES;
				CLANG_WARN_EMPTY_BODY = YES;
				CLANG_WARN_ENUM_CONVERSION = YES;
				CLANG_WARN_INFINITE_RECURSION = YES;
				CLANG_WARN_INT_CONVERSION = YES;
				CLANG_WARN_OBJC_ROOT_CLASS = YES_ERROR;
				CLANG_WARN_SUSPICIOUS_MOVE = YES;
				CLANG_WARN_UNREACHABLE_CODE = YES;
				CLANG_WARN__DUPLICATE_METHOD_MATCH = YES;
				"CODE_SIGN_IDENTITY[sdk=iphoneos*]" = "iPhone Developer";
				COPY_PHASE_STRIP = NO;
				DEBUG_INFORMATION_FORMAT = "dwarf-with-dsym";
				ENABLE_NS_ASSERTIONS = NO;
				ENABLE_STRICT_OBJC_MSGSEND = YES;
				GCC_C_LANGUAGE_STANDARD = gnu99;
				GCC_NO_COMMON_BLOCKS = YES;
				GCC_WARN_64_TO_32_BIT_CONVERSION = YES;
				GCC_WARN_ABOUT_RETURN_TYPE = YES_ERROR;
				GCC_WARN_UNDECLARED_SELECTOR = YES;
				GCC_WARN_UNINITIALIZED_AUTOS = YES_AGGRESSIVE;
				GCC_WARN_UNUSED_FUNCTION = YES;
				GCC_WARN_UNUSED_VARIABLE = YES;
				IPHONEOS_DEPLOYMENT_TARGET = 10.2;
				MTL_ENABLE_DEBUG_INFO = NO;
				SDKROOT = iphoneos;
				VALIDATE_PRODUCT = YES;
			};
			name = Release;
		};
		7DC817B91E53DE09007B3ED5 /* Debug */ = {
			isa = XCBuildConfiguration;
			buildSettings = {
				ASSETCATALOG_COMPILER_APPICON_NAME = AppIcon;
				DEVELOPMENT_TEAM = Y6L897V3P3;
				INFOPLIST_FILE = Matchismo/Info.plist;
				LD_RUNPATH_SEARCH_PATHS = "$(inherited) @executable_path/Frameworks";
				PRODUCT_BUNDLE_IDENTIFIER = fanjin.computer.Matchismo;
				PRODUCT_NAME = "$(TARGET_NAME)";
			};
			name = Debug;
		};
		7DC817BA1E53DE09007B3ED5 /* Release */ = {
			isa = XCBuildConfiguration;
			buildSettings = {
				ASSETCATALOG_COMPILER_APPICON_NAME = AppIcon;
				DEVELOPMENT_TEAM = Y6L897V3P3;
				INFOPLIST_FILE = Matchismo/Info.plist;
				LD_RUNPATH_SEARCH_PATHS = "$(inherited) @executable_path/Frameworks";
				PRODUCT_BUNDLE_IDENTIFIER = fanjin.computer.Matchismo;
				PRODUCT_NAME = "$(TARGET_NAME)";
			};
			name = Release;
		};
/* End XCBuildConfiguration section */

/* Begin XCConfigurationList section */
		7DC8179C1E53DE09007B3ED5 /* Build configuration list for PBXProject "Matchismo" */ = {
			isa = XCConfigurationList;
			buildConfigurations = (
				7DC817B61E53DE09007B3ED5 /* Debug */,
				7DC817B71E53DE09007B3ED5 /* Release */,
			);
			defaultConfigurationIsVisible = 0;
			defaultConfigurationName = Release;
		};
		7DC817B81E53DE09007B3ED5 /* Build configuration list for PBXNativeTarget "Matchismo" */ = {
			isa = XCConfigurationList;
			buildConfigurations = (
				7DC817B91E53DE09007B3ED5 /* Debug */,
				7DC817BA1E53DE09007B3ED5 /* Release */,
			);
			defaultConfigurationIsVisible = 0;
			defaultConfigurationName = Release;
		};
/* End XCConfigurationList section */
	};
	rootObject = 7DC817991E53DE09007B3ED5 /* Project object */;
}
